
Microsoft Visual Studio Solution File, Format Version 12.00
# Visual Studio Version 16
VisualStudioVersion = 16.0.28803.352
MinimumVisualStudioVersion = 10.0.40219.1
Project("{FAE04EC0-301F-11D3-BF4B-00C04F79EFBC}") = "CSV_Converter", "CSV_Converter\CSV_Converter.csproj", "{7692D207-ED31-4DDE-8559-F53B07AD05A5}"
EndProject
Global
	GlobalSection(SolutionConfigurationPlatforms) = preSolution
		Debug|Any CPU = Debug|Any CPU
		Release|Any CPU = Release|Any CPU
	EndGlobalSection
	GlobalSection(ProjectConfigurationPlatforms) = postSolution
		{7692D207-ED31-4DDE-8559-F53B07AD05A5}.Debug|Any CPU.ActiveCfg = Debug|Any CPU
		{7692D207-ED31-4DDE-8559-F53B07AD05A5}.Debug|Any CPU.Build.0 = Debug|Any CPU
		{7692D207-ED31-4DDE-8559-F53B07AD05A5}.Release|Any CPU.ActiveCfg = Release|Any CPU
		{7692D207-ED31-4DDE-8559-F53B07AD05A5}.Release|Any CPU.Build.0 = Release|Any CPU
	EndGlobalSection
	GlobalSection(SolutionProperties) = preSolution
		HideSolutionNode = FALSE
	EndGlobalSection
	GlobalSection(ExtensibilityGlobals) = postSolution
		SolutionGuid = {428CA6BD-1853-4EEA-AAA0-B36E800F04D4}
	EndGlobalSection
EndGlobal
